<?xml version="1.0" encoding="utf-8"?>
<Project ToolsVersion="4.0" xmlns="http://schemas.microsoft.com/developer/msbuild/2003">
  <ItemGroup>
    <Filter Include="소스 파일">
      <UniqueIdentifier>{4FC737F1-C7A5-4376-A066-2A32D752A2FF}</UniqueIdentifier>
      <Extensions>cpp;c;cc;cxx;c++;cppm;ixx;def;odl;idl;hpj;bat;asm;asmx</Extensions>
    </Filter>
    <Filter Include="리소스 파일">
      <UniqueIdentifier>{67DA6AB6-F800-4c08-8B7A-83BB121AAD01}</UniqueIdentifier>
      <Extensions>rc;ico;cur;bmp;dlg;rc2;rct;bin;rgs;gif;jpg;jpeg;jpe;resx;tiff;tif;png;wav;mfcribbon-ms</Extensions>
    </Filter>
    <Filter Include="MainGame">
      <UniqueIdentifier>{cb6807f4-0fdf-47de-b7e8-4546acbe35ae}</UniqueIdentifier>
    </Filter>
    <Filter Include="2D Framework">
      <UniqueIdentifier>{18f2c5ba-c6f2-4ac2-a4b6-7d870f746713}</UniqueIdentifier>
    </Filter>
    <Filter Include="2D Framework\Timer">
      <UniqueIdentifier>{30f93bd0-8426-46a5-8a65-4d84027ae64f}</UniqueIdentifier>
    </Filter>
    <Filter Include="MainGame\Scene">
      <UniqueIdentifier>{2aa412d2-4978-4c25-a9b6-6350d3230228}</UniqueIdentifier>
    </Filter>
    <Filter Include="2D Framework\UI">
      <UniqueIdentifier>{72cc197e-0045-44af-bec1-dec30e3e6fb9}</UniqueIdentifier>
    </Filter>
    <Filter Include="2D Framework\UI\Button">
      <UniqueIdentifier>{57de70b7-daba-4081-817d-3bfdbbe06bf9}</UniqueIdentifier>
    </Filter>
    <Filter Include="MainGame\Scene\Hong">
      <UniqueIdentifier>{8f3022c9-2f3b-42a4-9a20-328d6190558f}</UniqueIdentifier>
    </Filter>
    <Filter Include="MainGame\Scene\Tae">
      <UniqueIdentifier>{bf96f163-22c1-4d6f-a57e-75b520e0775b}</UniqueIdentifier>
    </Filter>
    <Filter Include="MainGame\Scene\Jin">
      <UniqueIdentifier>{1f853048-fd6c-4644-8858-48ac72e64cab}</UniqueIdentifier>
    </Filter>
    <Filter Include="MainGame\Scene\Hyo">
      <UniqueIdentifier>{22d1e101-38e1-46b7-a035-53f87e2822e9}</UniqueIdentifier>
    </Filter>
    <Filter Include="MainGame\Scene\Yong">
      <UniqueIdentifier>{c22b1cf7-56eb-438c-ac2f-a855cd8068e8}</UniqueIdentifier>
    </Filter>
    <Filter Include="MainGame\Scene\Yong\Animation">
      <UniqueIdentifier>{b0a17ee1-0274-47a0-9628-a3b8520c7b44}</UniqueIdentifier>
    </Filter>
    <Filter Include="MainGame\Scene\Yong\Render">
      <UniqueIdentifier>{7fda847f-1b80-4348-9e81-960e621ae7c3}</UniqueIdentifier>
    </Filter>
    <Filter Include="MainGame\Scene\Yong\Status">
      <UniqueIdentifier>{c9e43ae6-4171-4d46-822b-2eb2b1e07d92}</UniqueIdentifier>
    </Filter>
    <Filter Include="MainGame\Scene\Yong\Item">
      <UniqueIdentifier>{19e23dd8-7c3f-422d-99c0-174b84c96d95}</UniqueIdentifier>
    </Filter>
    <Filter Include="MainGame\Scene\Tae\State">
      <UniqueIdentifier>{2a8b99f6-b807-4ce4-ae35-684fc3f20459}</UniqueIdentifier>
    </Filter>
    <Filter Include="MainGame\Scene\Yong\Monster">
      <UniqueIdentifier>{ea65e594-7dd5-4b97-98b6-e65ba5dc0df9}</UniqueIdentifier>
    </Filter>
    <Filter Include="MainGame\Scene\Yong\Component">
      <UniqueIdentifier>{d61a132b-bce0-4540-9b69-d895d66bd617}</UniqueIdentifier>
    </Filter>
    <Filter Include="MainGame\Scene\Tae\Character">
      <UniqueIdentifier>{d52b7bdf-0923-4e8c-be32-2fae55062330}</UniqueIdentifier>
    </Filter>
    <Filter Include="헤더 파일">
      <UniqueIdentifier>{93995380-89BD-4b04-88EB-625FBE52EBFB}</UniqueIdentifier>
      <Extensions>h;hh;hpp;hxx;h++;hm;inl;inc;ipp;xsd</Extensions>
    </Filter>
    <Filter Include="MainGame\Scene\Yong\Labber">
      <UniqueIdentifier>{b435f6ab-4cb6-4344-9c2e-7498f5f5bbcb}</UniqueIdentifier>
    </Filter>
    <Filter Include="MainGame\Scene\Jin\PlayerUI">
      <UniqueIdentifier>{3e6495e6-af93-4ab7-ae85-147600099e97}</UniqueIdentifier>
    </Filter>
    <Filter Include="MainGame\Scene\Jin\InteractUI">
      <UniqueIdentifier>{64a7e8da-740c-4587-93b7-a3dc4d10ba3a}</UniqueIdentifier>
    </Filter>
    <Filter Include="MainGame\Scene\Jin\Journal">
      <UniqueIdentifier>{e6c18105-8e33-4479-bfec-da67667b50b0}</UniqueIdentifier>
    </Filter>
    <Filter Include="MainGame\Scene\Yong\Pitfall">
      <UniqueIdentifier>{a2b10e7e-f06c-4728-ba4f-db3934fc9f15}</UniqueIdentifier>
    </Filter>
    <Filter Include="MainGame\Scene\Jin\Shop">
      <UniqueIdentifier>{856b2a87-3f85-4885-b4ca-57f155249dc6}</UniqueIdentifier>
    </Filter>
    <Filter Include="MainGame\Scene\Yong\Rope">
      <UniqueIdentifier>{40dbf96b-8dec-44b7-9059-c3b15f5ef844}</UniqueIdentifier>
    </Filter>
    <Filter Include="MainGame\Scene\Yong\UI">
      <UniqueIdentifier>{ede8c852-1ba1-47d6-9d33-954fdad41bec}</UniqueIdentifier>
    </Filter>
  </ItemGroup>
  <ItemGroup>
    <ClCompile Include="main.cpp">
      <Filter>소스 파일</Filter>
    </ClCompile>
    <ClCompile Include="GameObject.cpp">
      <Filter>2D Framework</Filter>
    </ClCompile>
    <ClCompile Include="MainGame.cpp">
      <Filter>MainGame</Filter>
    </ClCompile>
    <ClCompile Include="Image.cpp">
      <Filter>2D Framework</Filter>
    </ClCompile>
    <ClCompile Include="KeyManager.cpp">
      <Filter>2D Framework</Filter>
    </ClCompile>
    <ClCompile Include="ImageManager.cpp">
      <Filter>2D Framework</Filter>
    </ClCompile>
    <ClCompile Include="Timer.cpp">
      <Filter>2D Framework\Timer</Filter>
    </ClCompile>
    <ClCompile Include="TimerManager.cpp">
      <Filter>2D Framework\Timer</Filter>
    </ClCompile>
    <ClCompile Include="BattleScene.cpp">
      <Filter>MainGame\Scene</Filter>
    </ClCompile>
    <ClCompile Include="TilemapTool.cpp">
      <Filter>MainGame\Scene</Filter>
    </ClCompile>
    <ClCompile Include="SceneManager.cpp">
      <Filter>2D Framework</Filter>
    </ClCompile>
    <ClCompile Include="Button.cpp">
      <Filter>2D Framework\UI\Button</Filter>
    </ClCompile>
    <ClCompile Include="AstarScene.cpp">
      <Filter>MainGame\Scene</Filter>
    </ClCompile>
    <ClCompile Include="LoadingScene.cpp">
      <Filter>MainGame\Scene</Filter>
    </ClCompile>
    <ClCompile Include="Scene.cpp">
      <Filter>MainGame\Scene</Filter>
    </ClCompile>
    <ClCompile Include="JinScene.cpp">
      <Filter>MainGame\Scene\Jin</Filter>
    </ClCompile>
    <ClCompile Include="HyoScene.cpp">
      <Filter>MainGame\Scene\Hyo</Filter>
    </ClCompile>
    <ClCompile Include="YongScene.cpp">
      <Filter>MainGame\Scene\Yong</Filter>
    </ClCompile>
    <ClCompile Include="TaeScene.cpp">
      <Filter>MainGame\Scene\Tae</Filter>
    </ClCompile>
    <ClCompile Include="HongScene.cpp">
      <Filter>MainGame\Scene\Hong</Filter>
    </ClCompile>
    <ClCompile Include="ObjectManager.cpp">
      <Filter>2D Framework</Filter>
    </ClCompile>
    <ClCompile Include="Character.cpp">
      <Filter>MainGame\Scene\Tae</Filter>
    </ClCompile>
    <ClCompile Include="Animation.cpp">
      <Filter>MainGame\Scene\Yong\Animation</Filter>
    </ClCompile>
    <ClCompile Include="AnimationManager.cpp">
      <Filter>MainGame\Scene\Yong\Animation</Filter>
    </ClCompile>
    <ClCompile Include="TestAnimationObject.cpp">
      <Filter>MainGame\Scene\Yong\Animation</Filter>
    </ClCompile>
    <ClCompile Include="TestRenderSort.cpp">
      <Filter>MainGame\Scene\Yong\Render</Filter>
    </ClCompile>
    <ClCompile Include="TestYongSceneBackGround.cpp">
      <Filter>MainGame\Scene\Yong\Render</Filter>
    </ClCompile>
    <ClCompile Include="PlayerStatus.cpp">
      <Filter>MainGame\Scene\Yong\Status</Filter>
    </ClCompile>
    <ClCompile Include="playerUI.cpp">
      <Filter>MainGame\Scene\Jin</Filter>
    </ClCompile>
    <ClCompile Include="CharacterState.cpp">
      <Filter>MainGame\Scene\Tae\State</Filter>
    </ClCompile>
    <ClCompile Include="IdleState.cpp">
      <Filter>MainGame\Scene\Tae\State</Filter>
    </ClCompile>
    <ClCompile Include="MoveState.cpp">
      <Filter>MainGame\Scene\Tae\State</Filter>
    </ClCompile>
    <ClCompile Include="AttackState.cpp">
      <Filter>MainGame\Scene\Tae\State</Filter>
    </ClCompile>
    <ClCompile Include="InteractionState.cpp">
      <Filter>MainGame\Scene\Tae\State</Filter>
    </ClCompile>
    <ClCompile Include="Collider.cpp">
      <Filter>MainGame\Scene\Hong</Filter>
    </ClCompile>
    <ClCompile Include="CollisionManager.cpp">
      <Filter>MainGame\Scene\Hong</Filter>
    </ClCompile>
    <ClCompile Include="DummyHongPlayer.cpp">
      <Filter>MainGame\Scene\Hong</Filter>
    </ClCompile>
    <ClCompile Include="Tile.cpp">
      <Filter>MainGame\Scene\Hong</Filter>
    </ClCompile>
    <ClCompile Include="HyoCharacter.cpp">
      <Filter>MainGame\Scene\Hyo</Filter>
    </ClCompile>
    <ClCompile Include="Item.cpp">
      <Filter>MainGame\Scene\Yong\Item</Filter>
    </ClCompile>
    <ClCompile Include="Bomb.cpp">
      <Filter>MainGame\Scene\Yong\Item</Filter>
    </ClCompile>
    <ClCompile Include="InteractObject.cpp">
      <Filter>MainGame\Scene\Yong\Item</Filter>
    </ClCompile>
    <ClCompile Include="HyoCharacter.cpp">
      <Filter>MainGame\Scene\Hyo</Filter>
    </ClCompile>
    <ClCompile Include="CameraManager.cpp">
      <Filter>MainGame\Scene\Hyo</Filter>
    </ClCompile>
    <ClCompile Include="GameOverUI.cpp">
      <Filter>MainGame\Scene\Jin</Filter>
    </ClCompile>
    <ClCompile Include="Npc_InteractUI.cpp">
      <Filter>MainGame\Scene\Jin</Filter>
    </ClCompile>
    <ClCompile Include="Gun.cpp">
      <Filter>MainGame\Scene\Yong\Item</Filter>
    </ClCompile>
    <ClCompile Include="TestMonster.cpp">
      <Filter>MainGame\Scene\Yong\Monster</Filter>
    </ClCompile>
    <ClCompile Include="Whip.cpp">
      <Filter>MainGame\Scene\Yong\Item</Filter>
    </ClCompile>
    <ClCompile Include="Component.cpp">
      <Filter>MainGame\Scene\Yong\Component</Filter>
    </ClCompile>
    <ClCompile Include="IncreaseBomb.cpp">
      <Filter>MainGame\Scene\Yong\Item</Filter>
    </ClCompile>
    <ClCompile Include="GameManager.cpp">
      <Filter>MainGame\Scene\Hong</Filter>
    </ClCompile>
    <ClCompile Include="HongParticle.cpp">
      <Filter>MainGame\Scene\Hong</Filter>
    </ClCompile>
    <ClCompile Include="ObjectFactory.cpp">
      <Filter>MainGame\Scene\Hong</Filter>
    </ClCompile>
    <ClCompile Include="Character.cpp">
      <Filter>MainGame\Scene\Tae\Character</Filter>
    </ClCompile>
    <ClCompile Include="TestHyoBackGround.cpp">
      <Filter>MainGame\Scene\Hyo</Filter>
    </ClCompile>
    <ClCompile Include="UI.cpp">
      <Filter>MainGame\Scene\Jin</Filter>
    </ClCompile>
    <ClCompile Include="GameScene.cpp">
      <Filter>MainGame\Scene</Filter>
    </ClCompile>
    <ClCompile Include="IncreaseGold.cpp">
      <Filter>MainGame\Scene\Yong\Item</Filter>
    </ClCompile>
    <ClCompile Include="TreasureChest.cpp">
      <Filter>MainGame\Scene\Yong\Item</Filter>
    </ClCompile>
    <ClCompile Include="Ladder.cpp">
      <Filter>MainGame\Scene\Yong\Labber</Filter>
    </ClCompile>
    <ClCompile Include="Particle.cpp">
      <Filter>MainGame\Scene\Hong</Filter>
    </ClCompile>
    <ClCompile Include="ParticleEmitter.cpp">
      <Filter>MainGame\Scene\Hong</Filter>
    </ClCompile>
    <ClCompile Include="ParticleManager.cpp">
      <Filter>MainGame\Scene\Hong</Filter>
    </ClCompile>
    <ClCompile Include="Monster.cpp">
      <Filter>MainGame\Scene\Hyo</Filter>
    </ClCompile>
    <ClCompile Include="SnakeMonster.cpp">
      <Filter>MainGame\Scene\Hyo</Filter>
    </ClCompile>
    <ClCompile Include="playerBomb_UI.cpp">
      <Filter>MainGame\Scene\Jin\PlayerUI</Filter>
    </ClCompile>
    <ClCompile Include="playerHP_UI.cpp">
      <Filter>MainGame\Scene\Jin\PlayerUI</Filter>
    </ClCompile>
    <ClCompile Include="playerRope_UI.cpp">
      <Filter>MainGame\Scene\Jin\PlayerUI</Filter>
    </ClCompile>
    <ClCompile Include="playerGold_UI.cpp">
      <Filter>MainGame\Scene\Jin\PlayerUI</Filter>
    </ClCompile>
    <ClCompile Include="goldBackground_UI.cpp">
      <Filter>MainGame\Scene\Jin\PlayerUI</Filter>
    </ClCompile>
    <ClCompile Include="lightBulb_UI.cpp">
      <Filter>MainGame\Scene\Jin\PlayerUI</Filter>
    </ClCompile>
    <ClCompile Include="sandGlass_UI.cpp">
      <Filter>MainGame\Scene\Jin\PlayerUI</Filter>
    </ClCompile>
    <ClCompile Include="GunBullet.cpp">
      <Filter>MainGame\Scene\Yong\Item</Filter>
    </ClCompile>
    <ClCompile Include="dialogUI.cpp">
      <Filter>MainGame\Scene\Jin\InteractUI</Filter>
    </ClCompile>
    <ClCompile Include="Obj_InteractUI.cpp">
      <Filter>MainGame\Scene\Jin\InteractUI</Filter>
    </ClCompile>
    <ClCompile Include="Journal_1.cpp">
      <Filter>MainGame\Scene\Jin\Journal</Filter>
    </ClCompile>
    <ClCompile Include="DoorInteractUI.cpp">
      <Filter>MainGame\Scene\Jin\InteractUI</Filter>
    </ClCompile>
    <ClCompile Include="ChangeCobwebBomb.cpp">
      <Filter>MainGame\Scene\Yong\Item</Filter>
    </ClCompile>
    <ClCompile Include="Ladder1.cpp">
      <Filter>MainGame\Scene\Yong\Labber</Filter>
    </ClCompile>
    <ClCompile Include="Ladder2.cpp">
      <Filter>MainGame\Scene\Yong\Labber</Filter>
    </ClCompile>
    <ClCompile Include="Ladder3.cpp">
      <Filter>MainGame\Scene\Yong\Labber</Filter>
    </ClCompile>
    <ClCompile Include="Ladder4.cpp">
      <Filter>MainGame\Scene\Yong\Labber</Filter>
    </ClCompile>
    <ClCompile Include="ShopKeeper.cpp">
      <Filter>MainGame\Scene\Jin\Shop</Filter>
    </ClCompile>
    <ClCompile Include="ArrowTrap.cpp">
      <Filter>MainGame\Scene\Hong</Filter>
    </ClCompile>
    <ClCompile Include="Arrow.cpp">
      <Filter>MainGame\Scene\Hong</Filter>
    </ClCompile>
    <ClCompile Include="SkeletonMonster.cpp">
      <Filter>MainGame\Scene\Hyo</Filter>
    </ClCompile>
    <ClCompile Include="Rope.cpp">
      <Filter>MainGame\Scene\Yong\Rope</Filter>
    </ClCompile>
    <ClCompile Include="RopeController.cpp">
      <Filter>MainGame\Scene\Yong\Rope</Filter>
    </ClCompile>
    <ClCompile Include="NiddleTrap.cpp">
      <Filter>MainGame\Scene\Hong</Filter>
    </ClCompile>
    <ClCompile Include="HeavyBlock.cpp">
      <Filter>MainGame\Scene\Hong</Filter>
    </ClCompile>
    <ClCompile Include="BossMonster.cpp">
      <Filter>MainGame\Scene\Hyo</Filter>
    </ClCompile>
    <ClCompile Include="PlayerSelectScene.cpp">
      <Filter>MainGame\Scene</Filter>
    </ClCompile>
    <ClCompile Include="StartScene.cpp">
      <Filter>MainGame\Scene</Filter>
    </ClCompile>
    <ClCompile Include="ShopInteractUI.cpp">
      <Filter>MainGame\Scene\Jin\Shop</Filter>
    </ClCompile>
    <ClCompile Include="IncreaseRopeCnt.cpp">
      <Filter>MainGame\Scene\Yong\Item</Filter>
    </ClCompile>
    <ClCompile Include="SkeletonItem.cpp">
      <Filter>MainGame\Scene\Yong\Item</Filter>
    </ClCompile>
    <ClCompile Include="Chicken.cpp">
      <Filter>MainGame\Scene\Yong\Item</Filter>
    </ClCompile>
    <ClCompile Include="IncreaseHP.cpp">
      <Filter>MainGame\Scene\Yong\Item</Filter>
    </ClCompile>
    <ClCompile Include="ItemDialog.cpp">
      <Filter>MainGame\Scene\Yong\UI</Filter>
    </ClCompile>
    <ClCompile Include="Gate.cpp">
      <Filter>MainGame\Scene\Hong</Filter>
    </ClCompile>
    <ClCompile Include="GhostJar.cpp">
      <Filter>MainGame\Scene\Yong\Item</Filter>
    </ClCompile>
    <ClCompile Include="GhostJuwel.cpp">
      <Filter>MainGame\Scene\Yong\Item</Filter>
    </ClCompile>
  </ItemGroup>
  <ItemGroup>
    <ClInclude Include="config.h">
      <Filter>헤더 파일</Filter>
    </ClInclude>
    <ClInclude Include="CommonFunction.h">
      <Filter>헤더 파일</Filter>
    </ClInclude>
    <ClInclude Include="GameObject.h">
      <Filter>2D Framework</Filter>
    </ClInclude>
    <ClInclude Include="MainGame.h">
      <Filter>MainGame</Filter>
    </ClInclude>
    <ClInclude Include="Image.h">
      <Filter>2D Framework</Filter>
    </ClInclude>
    <ClInclude Include="KeyManager.h">
      <Filter>2D Framework</Filter>
    </ClInclude>
    <ClInclude Include="Singleton.h">
      <Filter>2D Framework</Filter>
    </ClInclude>
    <ClInclude Include="ImageManager.h">
      <Filter>2D Framework</Filter>
    </ClInclude>
    <ClInclude Include="Timer.h">
      <Filter>2D Framework\Timer</Filter>
    </ClInclude>
    <ClInclude Include="TimerManager.h">
      <Filter>2D Framework\Timer</Filter>
    </ClInclude>
    <ClInclude Include="BattleScene.h">
      <Filter>MainGame\Scene</Filter>
    </ClInclude>
    <ClInclude Include="TilemapTool.h">
      <Filter>MainGame\Scene</Filter>
    </ClInclude>
    <ClInclude Include="SceneManager.h">
      <Filter>2D Framework</Filter>
    </ClInclude>
    <ClInclude Include="Button.h">
      <Filter>2D Framework\UI\Button</Filter>
    </ClInclude>
    <ClInclude Include="AstarScene.h">
      <Filter>MainGame\Scene</Filter>
    </ClInclude>
    <ClInclude Include="LoadingScene.h">
      <Filter>MainGame\Scene</Filter>
    </ClInclude>
    <ClInclude Include="Scene.h">
      <Filter>MainGame\Scene</Filter>
    </ClInclude>
    <ClInclude Include="JinScene.h">
      <Filter>MainGame\Scene\Jin</Filter>
    </ClInclude>
    <ClInclude Include="HyoScene.h">
      <Filter>MainGame\Scene\Hyo</Filter>
    </ClInclude>
    <ClInclude Include="YongScene.h">
      <Filter>MainGame\Scene\Yong</Filter>
    </ClInclude>
    <ClInclude Include="TaeScene.h">
      <Filter>MainGame\Scene\Tae</Filter>
    </ClInclude>
    <ClInclude Include="HongScene.h">
      <Filter>MainGame\Scene\Hong</Filter>
    </ClInclude>
    <ClInclude Include="ObjectManager.h">
      <Filter>2D Framework</Filter>
    </ClInclude>
    <ClInclude Include="Character.h">
      <Filter>MainGame\Scene\Tae</Filter>
    </ClInclude>
    <ClInclude Include="CharacterState.h">
      <Filter>MainGame\Scene\Tae\State</Filter>
    </ClInclude>
    <ClInclude Include="Animation.h">
      <Filter>MainGame\Scene\Yong\Animation</Filter>
    </ClInclude>
    <ClInclude Include="AnimationManager.h">
      <Filter>MainGame\Scene\Yong\Animation</Filter>
    </ClInclude>
    <ClInclude Include="AttackState.h">
      <Filter>MainGame\Scene\Tae\State</Filter>
    </ClInclude>
    <ClInclude Include="MoveState.h">
      <Filter>MainGame\Scene\Tae\State</Filter>
    </ClInclude>
    <ClInclude Include="TestAnimationObject.h">
      <Filter>MainGame\Scene\Yong\Animation</Filter>
    </ClInclude>
    <ClInclude Include="TestRenderSort.h">
      <Filter>MainGame\Scene\Yong\Render</Filter>
    </ClInclude>
    <ClInclude Include="InGameUI.h">
      <Filter>MainGame\Scene\Jin</Filter>
    </ClInclude>
    <ClInclude Include="IdleState.h">
      <Filter>MainGame\Scene\Tae\State</Filter>
    </ClInclude>
    <ClInclude Include="InteractionState.h">
      <Filter>MainGame\Scene\Tae\State</Filter>
    </ClInclude>
    <ClInclude Include="PlayerStatus.h">
      <Filter>MainGame\Scene\Yong\Status</Filter>
    </ClInclude>
    <ClInclude Include="TestYongSceneBackGround.h">
      <Filter>MainGame\Scene\Yong\Render</Filter>
    </ClInclude>
    <ClInclude Include="Collider.h">
      <Filter>MainGame\Scene\Hong</Filter>
    </ClInclude>
    <ClInclude Include="CollisionManager.h">
      <Filter>MainGame\Scene\Hong</Filter>
    </ClInclude>
    <ClInclude Include="DummyHongPlayer.h">
      <Filter>MainGame\Scene\Hong</Filter>
    </ClInclude>
    <ClInclude Include="Tile.h">
      <Filter>MainGame\Scene\Hong</Filter>
    </ClInclude>
    <ClInclude Include="HyoCharacter.h">
      <Filter>MainGame\Scene\Hyo</Filter>
    </ClInclude>
    <ClInclude Include="Item.h">
      <Filter>MainGame\Scene\Yong\Item</Filter>
    </ClInclude>
    <ClInclude Include="Bomb.h">
      <Filter>MainGame\Scene\Yong\Item</Filter>
    </ClInclude>
    <ClInclude Include="PlayerStatus.h">
      <Filter>MainGame\Scene\Yong\Status</Filter>
    </ClInclude>
    <ClInclude Include="MoveState.h">
      <Filter>MainGame\Scene\Tae\State</Filter>
    </ClInclude>
    <ClInclude Include="IdleState.h">
      <Filter>MainGame\Scene\Tae\State</Filter>
    </ClInclude>
    <ClInclude Include="InteractionState.h">
      <Filter>MainGame\Scene\Tae\State</Filter>
    </ClInclude>
    <ClInclude Include="AttackState.h">
      <Filter>MainGame\Scene\Tae\State</Filter>
    </ClInclude>
    <ClInclude Include="CharacterState.h">
      <Filter>MainGame\Scene\Tae\State</Filter>
    </ClInclude>
    <ClInclude Include="Animation.h">
      <Filter>MainGame\Scene\Yong\Animation</Filter>
    </ClInclude>
    <ClInclude Include="AnimationManager.h">
      <Filter>MainGame\Scene\Yong\Animation</Filter>
    </ClInclude>
    <ClInclude Include="TestAnimationObject.h">
      <Filter>MainGame\Scene\Yong\Animation</Filter>
    </ClInclude>
    <ClInclude Include="TestRenderSort.h">
      <Filter>MainGame\Scene\Yong\Render</Filter>
    </ClInclude>
    <ClInclude Include="TestYongSceneBackGround.h">
      <Filter>MainGame\Scene\Yong\Render</Filter>
    </ClInclude>
    <ClInclude Include="InGameUI.h">
      <Filter>MainGame\Scene\Jin</Filter>
    </ClInclude>
    <ClInclude Include="CameraManager.h">
      <Filter>MainGame\Scene\Hyo</Filter>
    </ClInclude>
    <ClInclude Include="PlayerStatus.h">
      <Filter>MainGame\Scene\Yong\Status</Filter>
    </ClInclude>
    <ClInclude Include="playerUI.h">
      <Filter>MainGame\Scene\Jin</Filter>
    </ClInclude>
    <ClInclude Include="GameOverUI.h">
      <Filter>MainGame\Scene\Jin</Filter>
    </ClInclude>
    <ClInclude Include="Npc_InteractUI.h">
      <Filter>MainGame\Scene\Jin</Filter>
    </ClInclude>
    <ClInclude Include="InteractObject.h">
      <Filter>MainGame\Scene\Yong\Item</Filter>
    </ClInclude>
    <ClInclude Include="Gun.h">
      <Filter>MainGame\Scene\Yong\Item</Filter>
    </ClInclude>
    <ClInclude Include="TestMonster.h">
      <Filter>MainGame\Scene\Yong\Monster</Filter>
    </ClInclude>
    <ClInclude Include="Whip.h">
      <Filter>MainGame\Scene\Yong\Item</Filter>
    </ClInclude>
    <ClInclude Include="Component.h">
      <Filter>MainGame\Scene\Yong\Component</Filter>
    </ClInclude>
    <ClInclude Include="IncreaseBomb.h">
      <Filter>MainGame\Scene\Yong\Item</Filter>
    </ClInclude>
    <ClInclude Include="GameManager.h">
      <Filter>MainGame\Scene\Hong</Filter>
    </ClInclude>
    <ClInclude Include="HongParticle.h">
      <Filter>MainGame\Scene\Hong</Filter>
    </ClInclude>
    <ClInclude Include="ObjectFactory.h">
      <Filter>MainGame\Scene\Hong</Filter>
    </ClInclude>
    <ClInclude Include="ObjectRegister.h">
      <Filter>MainGame\Scene\Hong</Filter>
    </ClInclude>
    <ClInclude Include="pch.h">
      <Filter>헤더 파일</Filter>
    </ClInclude>
    <ClInclude Include="GameScene.h">
      <Filter>MainGame\Scene</Filter>
    </ClInclude>
    <ClInclude Include="IncreaseGold.h">
      <Filter>MainGame\Scene\Yong\Item</Filter>
    </ClInclude>
    <ClInclude Include="TreasureChest.h">
      <Filter>MainGame\Scene\Yong\Item</Filter>
    </ClInclude>
    <ClInclude Include="Ladder.h">
      <Filter>MainGame\Scene\Yong\Labber</Filter>
    </ClInclude>
    <ClInclude Include="Particle.h">
      <Filter>MainGame\Scene\Hong</Filter>
    </ClInclude>
    <ClInclude Include="ParticleEmitter.h">
      <Filter>MainGame\Scene\Hong</Filter>
    </ClInclude>
    <ClInclude Include="ParticleManager.h">
      <Filter>MainGame\Scene\Hong</Filter>
    </ClInclude>
    <ClInclude Include="Monster.h">
      <Filter>MainGame\Scene\Hyo</Filter>
    </ClInclude>
    <ClInclude Include="SnakeMonster.h">
      <Filter>MainGame\Scene\Hyo</Filter>
    </ClInclude>
    <ClInclude Include="playerBomb_UI.h">
      <Filter>MainGame\Scene\Jin\PlayerUI</Filter>
    </ClInclude>
    <ClInclude Include="playerHP_UI.h">
      <Filter>MainGame\Scene\Jin\PlayerUI</Filter>
    </ClInclude>
    <ClInclude Include="playerRope_UI.h">
      <Filter>MainGame\Scene\Jin\PlayerUI</Filter>
    </ClInclude>
    <ClInclude Include="playerGold_UI.h">
      <Filter>MainGame\Scene\Jin\PlayerUI</Filter>
    </ClInclude>
    <ClInclude Include="goldBackground_UI.h">
      <Filter>MainGame\Scene\Jin\PlayerUI</Filter>
    </ClInclude>
    <ClInclude Include="lightBulb_UI.h">
      <Filter>MainGame\Scene\Jin\PlayerUI</Filter>
    </ClInclude>
    <ClInclude Include="sandGlass_UI.h">
      <Filter>MainGame\Scene\Jin\PlayerUI</Filter>
    </ClInclude>
    <ClInclude Include="GunBullet.h">
      <Filter>MainGame\Scene\Yong\Item</Filter>
    </ClInclude>
    <ClInclude Include="dialogUI.h">
      <Filter>MainGame\Scene\Jin\InteractUI</Filter>
    </ClInclude>
    <ClInclude Include="Obj_InteractUI.h">
      <Filter>MainGame\Scene\Jin\InteractUI</Filter>
    </ClInclude>
    <ClInclude Include="Journal_1.h">
      <Filter>MainGame\Scene\Jin\Journal</Filter>
    </ClInclude>
    <ClInclude Include="DoorInteractUI.h">
      <Filter>MainGame\Scene\Jin\InteractUI</Filter>
    </ClInclude>
    <ClInclude Include="ChangeCobwebBomb.h">
      <Filter>MainGame\Scene\Yong\Item</Filter>
    </ClInclude>
    <ClInclude Include="Ladder1.h">
      <Filter>MainGame\Scene\Yong\Labber</Filter>
    </ClInclude>
    <ClInclude Include="Ladder2.h">
      <Filter>MainGame\Scene\Yong\Labber</Filter>
    </ClInclude>
    <ClInclude Include="Ladder3.h">
      <Filter>MainGame\Scene\Yong\Labber</Filter>
    </ClInclude>
    <ClInclude Include="Ladder4.h">
      <Filter>MainGame\Scene\Yong\Labber</Filter>
    </ClInclude>
    <ClInclude Include="ShopKeeper.h">
      <Filter>MainGame\Scene\Jin\Shop</Filter>
    </ClInclude>
    <ClInclude Include="ArrowTrap.h">
      <Filter>MainGame\Scene\Hong</Filter>
    </ClInclude>
    <ClInclude Include="Arrow.h">
      <Filter>MainGame\Scene\Hong</Filter>
    </ClInclude>
    <ClInclude Include="SkeletonMonster.h">
      <Filter>MainGame\Scene\Hyo</Filter>
    </ClInclude>
    <ClInclude Include="Rope.h">
      <Filter>MainGame\Scene\Yong\Rope</Filter>
    </ClInclude>
    <ClInclude Include="RopeController.h">
      <Filter>MainGame\Scene\Yong\Rope</Filter>
    </ClInclude>
    <ClInclude Include="NiddleTrap.h">
      <Filter>MainGame\Scene\Hong</Filter>
    </ClInclude>
    <ClInclude Include="HeavyBlock.h">
      <Filter>MainGame\Scene\Hong</Filter>
    </ClInclude>
    <ClInclude Include="BossMonster.h">
      <Filter>MainGame\Scene\Hyo</Filter>
    </ClInclude>
    <ClInclude Include="PlayerSelectScene.h">
      <Filter>MainGame\Scene</Filter>
    </ClInclude>
    <ClInclude Include="StartScene.h">
      <Filter>MainGame\Scene</Filter>
    </ClInclude>
    <ClInclude Include="ShopInteractUI.h">
      <Filter>MainGame\Scene\Jin\Shop</Filter>
    </ClInclude>
    <ClInclude Include="IncreaseRopeCnt.h">
      <Filter>MainGame\Scene\Yong\Item</Filter>
    </ClInclude>
    <ClInclude Include="SkeletonItem.h">
      <Filter>MainGame\Scene\Yong\Item</Filter>
    </ClInclude>
    <ClInclude Include="Chicken.h">
      <Filter>MainGame\Scene\Yong\Item</Filter>
    </ClInclude>
    <ClInclude Include="IncreaseHP.h">
      <Filter>MainGame\Scene\Yong\Item</Filter>
    </ClInclude>
    <ClInclude Include="ItemDialog.h">
      <Filter>MainGame\Scene\Yong\UI</Filter>
    </ClInclude>
    <ClInclude Include="Gate.h">
      <Filter>MainGame\Scene\Hong</Filter>
    </ClInclude>
    <ClInclude Include="GhostJar.h">
      <Filter>MainGame\Scene\Yong\Item</Filter>
    </ClInclude>
    <ClInclude Include="GhostJuwel.h">
      <Filter>MainGame\Scene\Yong\Item</Filter>
    </ClInclude>
  </ItemGroup>
  <ItemGroup>
    <None Include="generate_register.bat">
      <Filter>MainGame</Filter>
    </None>
    <ClInclude Include="Character.h">
      <Filter>MainGame\Scene\Tae\Character</Filter>
    </ClInclude>
    <ClInclude Include="TestHyoBackGround.h">
      <Filter>MainGame\Scene\Hyo</Filter>
    </ClInclude>
    <ClInclude Include="UI.h">
      <Filter>MainGame\Scene\Jin</Filter>
    </ClInclude>
    <None Include="ClassDiagram.cd" />
  </ItemGroup>
</Project>