<?xml version="1.0" encoding="utf-8"?>
<Project ToolsVersion="4.0" xmlns="http://schemas.microsoft.com/developer/msbuild/2003">
  <ItemGroup>
    <Filter Include="소스 파일">
      <UniqueIdentifier>{4FC737F1-C7A5-4376-A066-2A32D752A2FF}</UniqueIdentifier>
      <Extensions>cpp;c;cc;cxx;c++;cppm;ixx;def;odl;idl;hpj;bat;asm;asmx</Extensions>
    </Filter>
    <Filter Include="헤더 파일">
      <UniqueIdentifier>{93995380-89BD-4b04-88EB-625FBE52EBFB}</UniqueIdentifier>
      <Extensions>h;hh;hpp;hxx;h++;hm;inl;inc;ipp;xsd</Extensions>
    </Filter>
    <Filter Include="리소스 파일">
      <UniqueIdentifier>{67DA6AB6-F800-4c08-8B7A-83BB121AAD01}</UniqueIdentifier>
      <Extensions>rc;ico;cur;bmp;dlg;rc2;rct;bin;rgs;gif;jpg;jpeg;jpe;resx;tiff;tif;png;wav;mfcribbon-ms</Extensions>
    </Filter>
    <Filter Include="MainGame">
      <UniqueIdentifier>{cb6807f4-0fdf-47de-b7e8-4546acbe35ae}</UniqueIdentifier>
    </Filter>
    <Filter Include="2D Framework">
      <UniqueIdentifier>{18f2c5ba-c6f2-4ac2-a4b6-7d870f746713}</UniqueIdentifier>
    </Filter>
    <Filter Include="2D Framework\Timer">
      <UniqueIdentifier>{30f93bd0-8426-46a5-8a65-4d84027ae64f}</UniqueIdentifier>
    </Filter>
    <Filter Include="MainGame\Scene">
      <UniqueIdentifier>{2aa412d2-4978-4c25-a9b6-6350d3230228}</UniqueIdentifier>
    </Filter>
    <Filter Include="2D Framework\UI">
      <UniqueIdentifier>{72cc197e-0045-44af-bec1-dec30e3e6fb9}</UniqueIdentifier>
    </Filter>
    <Filter Include="2D Framework\UI\Button">
      <UniqueIdentifier>{57de70b7-daba-4081-817d-3bfdbbe06bf9}</UniqueIdentifier>
    </Filter>
    <Filter Include="MainGame\Scene\Hong">
      <UniqueIdentifier>{8f3022c9-2f3b-42a4-9a20-328d6190558f}</UniqueIdentifier>
    </Filter>
    <Filter Include="MainGame\Scene\Tae">
      <UniqueIdentifier>{bf96f163-22c1-4d6f-a57e-75b520e0775b}</UniqueIdentifier>
    </Filter>
    <Filter Include="MainGame\Scene\Jin">
      <UniqueIdentifier>{1f853048-fd6c-4644-8858-48ac72e64cab}</UniqueIdentifier>
    </Filter>
    <Filter Include="MainGame\Scene\Hyo">
      <UniqueIdentifier>{22d1e101-38e1-46b7-a035-53f87e2822e9}</UniqueIdentifier>
    </Filter>
    <Filter Include="MainGame\Scene\Yong">
      <UniqueIdentifier>{c22b1cf7-56eb-438c-ac2f-a855cd8068e8}</UniqueIdentifier>
    </Filter>
    <Filter Include="MainGame\Scene\Yong\Animation">
      <UniqueIdentifier>{b0a17ee1-0274-47a0-9628-a3b8520c7b44}</UniqueIdentifier>
    </Filter>
    <Filter Include="MainGame\Scene\Yong\Render">
      <UniqueIdentifier>{7fda847f-1b80-4348-9e81-960e621ae7c3}</UniqueIdentifier>
    </Filter>
    <Filter Include="MainGame\Scene\Yong\Status">
      <UniqueIdentifier>{c9e43ae6-4171-4d46-822b-2eb2b1e07d92}</UniqueIdentifier>
    </Filter>
    <Filter Include="MainGame\Scene\Yong\Item">
      <UniqueIdentifier>{19e23dd8-7c3f-422d-99c0-174b84c96d95}</UniqueIdentifier>
    </Filter>
    <Filter Include="MainGame\Scene\Tae\State">
      <UniqueIdentifier>{2a8b99f6-b807-4ce4-ae35-684fc3f20459}</UniqueIdentifier>
    </Filter>
  </ItemGroup>
  <ItemGroup>
    <ClCompile Include="main.cpp">
      <Filter>소스 파일</Filter>
    </ClCompile>
    <ClCompile Include="GameObject.cpp">
      <Filter>2D Framework</Filter>
    </ClCompile>
    <ClCompile Include="MainGame.cpp">
      <Filter>MainGame</Filter>
    </ClCompile>
    <ClCompile Include="Image.cpp">
      <Filter>2D Framework</Filter>
    </ClCompile>
    <ClCompile Include="KeyManager.cpp">
      <Filter>2D Framework</Filter>
    </ClCompile>
    <ClCompile Include="ImageManager.cpp">
      <Filter>2D Framework</Filter>
    </ClCompile>
    <ClCompile Include="Timer.cpp">
      <Filter>2D Framework\Timer</Filter>
    </ClCompile>
    <ClCompile Include="TimerManager.cpp">
      <Filter>2D Framework\Timer</Filter>
    </ClCompile>
    <ClCompile Include="BattleScene.cpp">
      <Filter>MainGame\Scene</Filter>
    </ClCompile>
    <ClCompile Include="TilemapTool.cpp">
      <Filter>MainGame\Scene</Filter>
    </ClCompile>
    <ClCompile Include="SceneManager.cpp">
      <Filter>2D Framework</Filter>
    </ClCompile>
    <ClCompile Include="Button.cpp">
      <Filter>2D Framework\UI\Button</Filter>
    </ClCompile>
    <ClCompile Include="AstarScene.cpp">
      <Filter>MainGame\Scene</Filter>
    </ClCompile>
    <ClCompile Include="LoadingScene.cpp">
      <Filter>MainGame\Scene</Filter>
    </ClCompile>
    <ClCompile Include="Scene.cpp">
      <Filter>MainGame\Scene</Filter>
    </ClCompile>
    <ClCompile Include="JinScene.cpp">
      <Filter>MainGame\Scene\Jin</Filter>
    </ClCompile>
    <ClCompile Include="HyoScene.cpp">
      <Filter>MainGame\Scene\Hyo</Filter>
    </ClCompile>
    <ClCompile Include="YongScene.cpp">
      <Filter>MainGame\Scene\Yong</Filter>
    </ClCompile>
    <ClCompile Include="TaeScene.cpp">
      <Filter>MainGame\Scene\Tae</Filter>
    </ClCompile>
    <ClCompile Include="HongScene.cpp">
      <Filter>MainGame\Scene\Hong</Filter>
    </ClCompile>
    <ClCompile Include="ObjectManager.cpp">
      <Filter>2D Framework</Filter>
    </ClCompile>
    <ClCompile Include="Character.cpp">
      <Filter>MainGame\Scene\Hyo</Filter>
    </ClCompile>
    <ClCompile Include="Character.cpp">
      <Filter>MainGame\Scene\Tae</Filter>
    </ClCompile>
    <ClCompile Include="Animation.cpp">
      <Filter>MainGame\Scene\Yong\Animation</Filter>
    </ClCompile>
    <ClCompile Include="AnimationManager.cpp">
      <Filter>MainGame\Scene\Yong\Animation</Filter>
    </ClCompile>
    <ClCompile Include="TestAnimationObject.cpp">
      <Filter>MainGame\Scene\Yong\Animation</Filter>
    </ClCompile>
    <ClCompile Include="TestRenderSort.cpp">
      <Filter>MainGame\Scene\Yong\Render</Filter>
    </ClCompile>
    <ClCompile Include="TestYongSceneBackGround.cpp">
      <Filter>MainGame\Scene\Yong\Render</Filter>
    </ClCompile>
    <ClCompile Include="PlayerStatus.cpp">
      <Filter>MainGame\Scene\Yong\Status</Filter>
    </ClCompile>
    <ClCompile Include="InGameUI.cpp">
      <Filter>MainGame\Scene\Jin</Filter>
    </ClCompile>
    <ClCompile Include="CharacterState.cpp">
      <Filter>MainGame\Scene\Tae\State</Filter>
    </ClCompile>
    <ClCompile Include="IdleState.cpp">
      <Filter>MainGame\Scene\Tae\State</Filter>
    </ClCompile>
    <ClCompile Include="MoveState.cpp">
      <Filter>MainGame\Scene\Tae\State</Filter>
    </ClCompile>
    <ClCompile Include="AttackState.cpp">
      <Filter>MainGame\Scene\Tae\State</Filter>
    </ClCompile>
    <ClCompile Include="Camera.cpp">
      <Filter>2D Framework</Filter>
    </ClCompile>
    <ClCompile Include="InteractionState.cpp">
      <Filter>MainGame\Scene\Tae\State</Filter>
    </ClCompile>
    <ClCompile Include="HyoCharacter.cpp">
      <Filter>MainGame\Scene\Hyo</Filter>
    </ClCompile>
  </ItemGroup>
  <ItemGroup>
    <ClInclude Include="config.h">
      <Filter>헤더 파일</Filter>
    </ClInclude>
    <ClInclude Include="CommonFunction.h">
      <Filter>헤더 파일</Filter>
    </ClInclude>
    <ClInclude Include="GameObject.h">
      <Filter>2D Framework</Filter>
    </ClInclude>
    <ClInclude Include="MainGame.h">
      <Filter>MainGame</Filter>
    </ClInclude>
    <ClInclude Include="Image.h">
      <Filter>2D Framework</Filter>
    </ClInclude>
    <ClInclude Include="KeyManager.h">
      <Filter>2D Framework</Filter>
    </ClInclude>
    <ClInclude Include="Singleton.h">
      <Filter>2D Framework</Filter>
    </ClInclude>
    <ClInclude Include="ImageManager.h">
      <Filter>2D Framework</Filter>
    </ClInclude>
    <ClInclude Include="Timer.h">
      <Filter>2D Framework\Timer</Filter>
    </ClInclude>
    <ClInclude Include="TimerManager.h">
      <Filter>2D Framework\Timer</Filter>
    </ClInclude>
    <ClInclude Include="BattleScene.h">
      <Filter>MainGame\Scene</Filter>
    </ClInclude>
    <ClInclude Include="TilemapTool.h">
      <Filter>MainGame\Scene</Filter>
    </ClInclude>
    <ClInclude Include="SceneManager.h">
      <Filter>2D Framework</Filter>
    </ClInclude>
    <ClInclude Include="Button.h">
      <Filter>2D Framework\UI\Button</Filter>
    </ClInclude>
    <ClInclude Include="AstarScene.h">
      <Filter>MainGame\Scene</Filter>
    </ClInclude>
    <ClInclude Include="LoadingScene.h">
      <Filter>MainGame\Scene</Filter>
    </ClInclude>
    <ClInclude Include="Scene.h">
      <Filter>MainGame\Scene</Filter>
    </ClInclude>
    <ClInclude Include="JinScene.h">
      <Filter>MainGame\Scene\Jin</Filter>
    </ClInclude>
    <ClInclude Include="HyoScene.h">
      <Filter>MainGame\Scene\Hyo</Filter>
    </ClInclude>
    <ClInclude Include="YongScene.h">
      <Filter>MainGame\Scene\Yong</Filter>
    </ClInclude>
    <ClInclude Include="TaeScene.h">
      <Filter>MainGame\Scene\Tae</Filter>
    </ClInclude>
    <ClInclude Include="HongScene.h">
      <Filter>MainGame\Scene\Hong</Filter>
    </ClInclude>
    <ClInclude Include="ObjectManager.h">
      <Filter>2D Framework</Filter>
    </ClInclude>
    <ClInclude Include="Character.h">
      <Filter>MainGame\Scene\Hyo</Filter>
    </ClInclude>
    <ClInclude Include="Character.h">
      <Filter>MainGame\Scene\Tae</Filter>
    </ClInclude>
    <ClInclude Include="HyoCharacter.h">
      <Filter>헤더 파일</Filter>
      <Filter>MainGame\Scene\Hyo</Filter>
    </ClInclude>
    <ClInclude Include="Camera.h">
      <Filter>2D Framework</Filter>
    </ClInclude>
    <ClInclude Include="Animation.h">
      <Filter>헤더 파일</Filter>
    </ClInclude>
    <ClInclude Include="AnimationManager.h">
      <Filter>헤더 파일</Filter>
    </ClInclude>
    <ClInclude Include="AttackState.h">
      <Filter>헤더 파일</Filter>
    </ClInclude>
    <ClInclude Include="CharacterState.h">
      <Filter>헤더 파일</Filter>
    </ClInclude>
    <ClInclude Include="IdleState.h">
      <Filter>헤더 파일</Filter>
    </ClInclude>
    <ClInclude Include="InteractionState.h">
      <Filter>헤더 파일</Filter>
    </ClInclude>
    <ClInclude Include="MoveState.h">
      <Filter>헤더 파일</Filter>
    </ClInclude>
    <ClInclude Include="PlayerStatus.h">
      <Filter>헤더 파일</Filter>
    </ClInclude>
    <ClInclude Include="TestAnimationObject.h">
      <Filter>헤더 파일</Filter>
    </ClInclude>
    <ClInclude Include="TestRenderSort.h">
      <Filter>헤더 파일</Filter>
    </ClInclude>
    <ClInclude Include="TestYongSceneBackGround.h">
      <Filter>헤더 파일</Filter>
    </ClInclude>
    <ClInclude Include="InGameUI.h">
      <Filter>헤더 파일</Filter>
    </ClInclude>
  </ItemGroup>
</Project>